PODS:
  - YandexMoneySDKiOS (1.0.2):
    - YandexMoneySDKObjc (= 1.0.0)
  - YandexMoneySDKObjc (1.0.0)

DEPENDENCIES:
  - YandexMoneySDKiOS (= 1.0.2)

SPEC CHECKSUMS:
  YandexMoneySDKiOS: b4460d4babda0fedf915876da0bcf924ebf7f60e
  YandexMoneySDKObjc: 421b68952f1279d5a39874ab80fecc49d165c44e

COCOAPODS: 0.33.1
